// !$*UTF8*$!
{
	archiveVersion = 1;
	classes = {
	};
	objectVersion = 46;
	objects = {

/* Begin PBXBuildFile section */
		9E30580A1C1A614500441D4E /* AppDelegate.swift in Sources */ = {isa = PBXBuildFile; fileRef = 9E3058091C1A614500441D4E /* AppDelegate.swift */; };
		9E30580C1C1A614500441D4E /* ViewController.swift in Sources */ = {isa = PBXBuildFile; fileRef = 9E30580B1C1A614500441D4E /* ViewController.swift */; };
		9E30580F1C1A614500441D4E /* Main.storyboard in Resources */ = {isa = PBXBuildFile; fileRef = 9E30580D1C1A614500441D4E /* Main.storyboard */; };
		9E3058111C1A614500441D4E /* Assets.xcassets in Resources */ = {isa = PBXBuildFile; fileRef = 9E3058101C1A614500441D4E /* Assets.xcassets */; };
		9E3058141C1A614500441D4E /* LaunchScreen.storyboard in Resources */ = {isa = PBXBuildFile; fileRef = 9E3058121C1A614500441D4E /* LaunchScreen.storyboard */; };
		9E30581F1C1A614500441D4E /* Tip_JarTests.swift in Sources */ = {isa = PBXBuildFile; fileRef = 9E30581E1C1A614500441D4E /* Tip_JarTests.swift */; };
		9E30582A1C1A614500441D4E /* Tip_JarUITests.swift in Sources */ = {isa = PBXBuildFile; fileRef = 9E3058291C1A614500441D4E /* Tip_JarUITests.swift */; };
		9E3058381C1A7B1B00441D4E /* SettingsViewController.swift in Sources */ = {isa = PBXBuildFile; fileRef = 9E3058371C1A7B1B00441D4E /* SettingsViewController.swift */; settings = {ASSET_TAGS = (); }; };
		9E732A471C351B4F004C9911 /* people.png in Resources */ = {isa = PBXBuildFile; fileRef = 9E732A461C351B4F004C9911 /* people.png */; settings = {ASSET_TAGS = (); }; };
/* End PBXBuildFile section */

/* Begin PBXContainerItemProxy section */
		9E30581B1C1A614500441D4E /* PBXContainerItemProxy */ = {
			isa = PBXContainerItemProxy;
			containerPortal = 9E3057FE1C1A614500441D4E /* Project object */;
			proxyType = 1;
			remoteGlobalIDString = 9E3058051C1A614500441D4E;
			remoteInfo = "Tip Jar";
		};
		9E3058261C1A614500441D4E /* PBXContainerItemProxy */ = {
			isa = PBXContainerItemProxy;
			containerPortal = 9E3057FE1C1A614500441D4E /* Project object */;
			proxyType = 1;
			remoteGlobalIDString = 9E3058051C1A614500441D4E;
			remoteInfo = "Tip Jar";
		};
/* End PBXContainerItemProxy section */

/* Begin PBXFileReference section */
		9E3058061C1A614500441D4E /* Tip Jar.app */ = {isa = PBXFileReference; explicitFileType = wrapper.application; includeInIndex = 0; path = "Tip Jar.app"; sourceTree = BUILT_PRODUCTS_DIR; };
		9E3058091C1A614500441D4E /* AppDelegate.swift */ = {isa = PBXFileReference; lastKnownFileType = sourcecode.swift; path = AppDelegate.swift; sourceTree = "<group>"; };
		9E30580B1C1A614500441D4E /* ViewController.swift */ = {isa = PBXFileReference; lastKnownFileType = sourcecode.swift; path = ViewController.swift; sourceTree = "<group>"; };
		9E30580E1C1A614500441D4E /* Base */ = {isa = PBXFileReference; lastKnownFileType = file.storyboard; name = Base; path = Base.lproj/Main.storyboard; sourceTree = "<group>"; };
		9E3058101C1A614500441D4E /* Assets.xcassets */ = {isa = PBXFileReference; lastKnownFileType = folder.assetcatalog; path = Assets.xcassets; sourceTree = "<group>"; };
		9E3058131C1A614500441D4E /* Base */ = {isa = PBXFileReference; lastKnownFileType = file.storyboard; name = Base; path = Base.lproj/LaunchScreen.storyboard; sourceTree = "<group>"; };
		9E3058151C1A614500441D4E /* Info.plist */ = {isa = PBXFileReference; lastKnownFileType = text.plist.xml; path = Info.plist; sourceTree = "<group>"; };
		9E30581A1C1A614500441D4E /* Tip JarTests.xctest */ = {isa = PBXFileReference; explicitFileType = wrapper.cfbundle; includeInIndex = 0; path = "Tip JarTests.xctest"; sourceTree = BUILT_PRODUCTS_DIR; };
		9E30581E1C1A614500441D4E /* Tip_JarTests.swift */ = {isa = PBXFileReference; lastKnownFileType = sourcecode.swift; path = Tip_JarTests.swift; sourceTree = "<group>"; };
		9E3058201C1A614500441D4E /* Info.plist */ = {isa = PBXFileReference; lastKnownFileType = text.plist.xml; path = Info.plist; sourceTree = "<group>"; };
		9E3058251C1A614500441D4E /* Tip JarUITests.xctest */ = {isa = PBXFileReference; explicitFileType = wrapper.cfbundle; includeInIndex = 0; path = "Tip JarUITests.xctest"; sourceTree = BUILT_PRODUCTS_DIR; };
		9E3058291C1A614500441D4E /* Tip_JarUITests.swift */ = {isa = PBXFileReference; lastKnownFileType = sourcecode.swift; path = Tip_JarUITests.swift; sourceTree = "<group>"; };
		9E30582B1C1A614500441D4E /* Info.plist */ = {isa = PBXFileReference; lastKnownFileType = text.plist.xml; path = Info.plist; sourceTree = "<group>"; };
		9E3058371C1A7B1B00441D4E /* SettingsViewController.swift */ = {isa = PBXFileReference; fileEncoding = 4; lastKnownFileType = sourcecode.swift; path = SettingsViewController.swift; sourceTree = "<group>"; };
		9E732A461C351B4F004C9911 /* people.png */ = {isa = PBXFileReference; lastKnownFileType = image.png; name = people.png; path = ../../people.png; sourceTree = "<group>"; };
/* End PBXFileReference section */

/* Begin PBXFrameworksBuildPhase section */
		9E3058031C1A614500441D4E /* Frameworks */ = {
			isa = PBXFrameworksBuildPhase;
			buildActionMask = 2147483647;
			files = (
			);
			runOnlyForDeploymentPostprocessing = 0;
		};
		9E3058171C1A614500441D4E /* Frameworks */ = {
			isa = PBXFrameworksBuildPhase;
			buildActionMask = 2147483647;
			files = (
			);
			runOnlyForDeploymentPostprocessing = 0;
		};
		9E3058221C1A614500441D4E /* Frameworks */ = {
			isa = PBXFrameworksBuildPhase;
			buildActionMask = 2147483647;
			files = (
			);
			runOnlyForDeploymentPostprocessing = 0;
		};
/* End PBXFrameworksBuildPhase section */

/* Begin PBXGroup section */
		9E3057FD1C1A614500441D4E = {
			isa = PBXGroup;
			children = (
				9E3058081C1A614500441D4E /* Tip Jar */,
				9E30581D1C1A614500441D4E /* Tip JarTests */,
				9E3058281C1A614500441D4E /* Tip JarUITests */,
				9E3058071C1A614500441D4E /* Products */,
			);
			sourceTree = "<group>";
		};
		9E3058071C1A614500441D4E /* Products */ = {
			isa = PBXGroup;
			children = (
				9E3058061C1A614500441D4E /* Tip Jar.app */,
				9E30581A1C1A614500441D4E /* Tip JarTests.xctest */,
				9E3058251C1A614500441D4E /* Tip JarUITests.xctest */,
			);
			name = Products;
			sourceTree = "<group>";
		};
		9E3058081C1A614500441D4E /* Tip Jar */ = {
			isa = PBXGroup;
			children = (
				9E3058091C1A614500441D4E /* AppDelegate.swift */,
				9E30580B1C1A614500441D4E /* ViewController.swift */,
				9E30580D1C1A614500441D4E /* Main.storyboard */,
				9E3058371C1A7B1B00441D4E /* SettingsViewController.swift */,
				9E3058101C1A614500441D4E /* Assets.xcassets */,
				9E3058121C1A614500441D4E /* LaunchScreen.storyboard */,
				9E3058151C1A614500441D4E /* Info.plist */,
				9E732A461C351B4F004C9911 /* people.png */,
			);
			path = "Tip Jar";
			sourceTree = "<group>";
		};
		9E30581D1C1A614500441D4E /* Tip JarTests */ = {
			isa = PBXGroup;
			children = (
				9E30581E1C1A614500441D4E /* Tip_JarTests.swift */,
				9E3058201C1A614500441D4E /* Info.plist */,
			);
			path = "Tip JarTests";
			sourceTree = "<group>";
		};
		9E3058281C1A614500441D4E /* Tip JarUITests */ = {
			isa = PBXGroup;
			children = (
				9E3058291C1A614500441D4E /* Tip_JarUITests.swift */,
				9E30582B1C1A614500441D4E /* Info.plist */,
			);
			path = "Tip JarUITests";
			sourceTree = "<group>";
		};
/* End PBXGroup section */

/* Begin PBXNativeTarget section */
		9E3058051C1A614500441D4E /* Tip Jar */ = {
			isa = PBXNativeTarget;
			buildConfigurationList = 9E30582E1C1A614500441D4E /* Build configuration list for PBXNativeTarget "Tip Jar" */;
			buildPhases = (
				9E3058021C1A614500441D4E /* Sources */,
				9E3058031C1A614500441D4E /* Frameworks */,
				9E3058041C1A614500441D4E /* Resources */,
			);
			buildRules = (
			);
			dependencies = (
			);
			name = "Tip Jar";
			productName = "Tip Jar";
			productReference = 9E3058061C1A614500441D4E /* Tip Jar.app */;
			productType = "com.apple.product-type.application";
		};
		9E3058191C1A614500441D4E /* Tip JarTests */ = {
			isa = PBXNativeTarget;
			buildConfigurationList = 9E3058311C1A614500441D4E /* Build configuration list for PBXNativeTarget "Tip JarTests" */;
			buildPhases = (
				9E3058161C1A614500441D4E /* Sources */,
				9E3058171C1A614500441D4E /* Frameworks */,
				9E3058181C1A614500441D4E /* Resources */,
			);
			buildRules = (
			);
			dependencies = (
				9E30581C1C1A614500441D4E /* PBXTargetDependency */,
			);
			name = "Tip JarTests";
			productName = "Tip JarTests";
			productReference = 9E30581A1C1A614500441D4E /* Tip JarTests.xctest */;
			productType = "com.apple.product-type.bundle.unit-test";
		};
		9E3058241C1A614500441D4E /* Tip JarUITests */ = {
			isa = PBXNativeTarget;
			buildConfigurationList = 9E3058341C1A614500441D4E /* Build configuration list for PBXNativeTarget "Tip JarUITests" */;
			buildPhases = (
				9E3058211C1A614500441D4E /* Sources */,
				9E3058221C1A614500441D4E /* Frameworks */,
				9E3058231C1A614500441D4E /* Resources */,
			);
			buildRules = (
			);
			dependencies = (
				9E3058271C1A614500441D4E /* PBXTargetDependency */,
			);
			name = "Tip JarUITests";
			productName = "Tip JarUITests";
			productReference = 9E3058251C1A614500441D4E /* Tip JarUITests.xctest */;
			productType = "com.apple.product-type.bundle.ui-testing";
		};
/* End PBXNativeTarget section */

/* Begin PBXProject section */
		9E3057FE1C1A614500441D4E /* Project object */ = {
			isa = PBXProject;
			attributes = {
				LastUpgradeCheck = 0700;
				ORGANIZATIONNAME = vritant;
				TargetAttributes = {
					9E3058051C1A614500441D4E = {
						CreatedOnToolsVersion = 7.0.1;
						DevelopmentTeam = Q3V77H3E5U;
					};
					9E3058191C1A614500441D4E = {
						CreatedOnToolsVersion = 7.0.1;
						DevelopmentTeam = Q3V77H3E5U;
						TestTargetID = 9E3058051C1A614500441D4E;
					};
					9E3058241C1A614500441D4E = {
						CreatedOnToolsVersion = 7.0.1;
						DevelopmentTeam = Q3V77H3E5U;
						TestTargetID = 9E3058051C1A614500441D4E;
					};
				};
			};
			buildConfigurationList = 9E3058011C1A614500441D4E /* Build configuration list for PBXProject "Tip Jar" */;
			compatibilityVersion = "Xcode 3.2";
			developmentRegion = English;
			hasScannedForEncodings = 0;
			knownRegions = (
				en,
				Base,
			);
			mainGroup = 9E3057FD1C1A614500441D4E;
			productRefGroup = 9E3058071C1A614500441D4E /* Products */;
			projectDirPath = "";
			projectRoot = "";
			targets = (
				9E3058051C1A614500441D4E /* Tip Jar */,
				9E3058191C1A614500441D4E /* Tip JarTests */,
				9E3058241C1A614500441D4E /* Tip JarUITests */,
			);
		};
/* End PBXProject section */

/* Begin PBXResourcesBuildPhase section */
		9E3058041C1A614500441D4E /* Resources */ = {
			isa = PBXResourcesBuildPhase;
			buildActionMask = 2147483647;
			files = (
				9E3058141C1A614500441D4E /* LaunchScreen.storyboard in Resources */,
				9E3058111C1A614500441D4E /* Assets.xcassets in Resources */,
				9E30580F1C1A614500441D4E /* Main.storyboard in Resources */,
				9E732A471C351B4F004C9911 /* people.png in Resources */,
			);
			runOnlyForDeploymentPostprocessing = 0;
		};
		9E3058181C1A614500441D4E /* Resources */ = {
			isa = PBXResourcesBuildPhase;
			buildActionMask = 2147483647;
			files = (
			);
			runOnlyForDeploymentPostprocessing = 0;
		};
		9E3058231C1A614500441D4E /* Resources */ = {
			isa = PBXResourcesBuildPhase;
			buildActionMask = 2147483647;
			files = (
			);
			runOnlyForDeploymentPostprocessing = 0;
		};
/* End PBXResourcesBuildPhase section */

/* Begin PBXSourcesBuildPhase section */
		9E3058021C1A614500441D4E /* Sources */ = {
			isa = PBXSourcesBuildPhase;
			buildActionMask = 2147483647;
			files = (
				9E30580C1C1A614500441D4E /* ViewController.swift in Sources */,
				9E30580A1C1A614500441D4E /* AppDelegate.swift in Sources */,
				9E3058381C1A7B1B00441D4E /* SettingsViewController.swift in Sources */,
			);
			runOnlyForDeploymentPostprocessing = 0;
		};
		9E3058161C1A614500441D4E /* Sources */ = {
			isa = PBXSourcesBuildPhase;
			buildActionMask = 2147483647;
			files = (
				9E30581F1C1A614500441D4E /* Tip_JarTests.swift in Sources */,
			);
			runOnlyForDeploymentPostprocessing = 0;
		};
		9E3058211C1A614500441D4E /* Sources */ = {
			isa = PBXSourcesBuildPhase;
			buildActionMask = 2147483647;
			files = (
				9E30582A1C1A614500441D4E /* Tip_JarUITests.swift in Sources */,
			);
			runOnlyForDeploymentPostprocessing = 0;
		};
/* End PBXSourcesBuildPhase section */

/* Begin PBXTargetDependency section */
		9E30581C1C1A614500441D4E /* PBXTargetDependency */ = {
			isa = PBXTargetDependency;
			target = 9E3058051C1A614500441D4E /* Tip Jar */;
			targetProxy = 9E30581B1C1A614500441D4E /* PBXContainerItemProxy */;
		};
		9E3058271C1A614500441D4E /* PBXTargetDependency */ = {
			isa = PBXTargetDependency;
			target = 9E3058051C1A614500441D4E /* Tip Jar */;
			targetProxy = 9E3058261C1A614500441D4E /* PBXContainerItemProxy */;
		};
/* End PBXTargetDependency section */

/* Begin PBXVariantGroup section */
		9E30580D1C1A614500441D4E /* Main.storyboard */ = {
			isa = PBXVariantGroup;
			children = (
				9E30580E1C1A614500441D4E /* Base */,
			);
			name = Main.storyboard;
			sourceTree = "<group>";
		};
		9E3058121C1A614500441D4E /* LaunchScreen.storyboard */ = {
			isa = PBXVariantGroup;
			children = (
				9E3058131C1A614500441D4E /* Base */,
			);
			name = LaunchScreen.storyboard;
			sourceTree = "<group>";
		};
/* End PBXVariantGroup section */

/* Begin XCBuildConfiguration section */
		9E30582C1C1A614500441D4E /* Debug */ = {
			isa = XCBuildConfiguration;
			buildSettings = {
				ALWAYS_SEARCH_USER_PATHS = NO;
				CLANG_CXX_LANGUAGE_STANDARD = "gnu++0x";
				CLANG_CXX_LIBRARY = "libc++";
				CLANG_ENABLE_MODULES = YES;
				CLANG_ENABLE_OBJC_ARC = YES;
				CLANG_WARN_BOOL_CONVERSION = YES;
				CLANG_WARN_CONSTANT_CONVERSION = YES;
				CLANG_WARN_DIRECT_OBJC_ISA_USAGE = YES_ERROR;
				CLANG_WARN_EMPTY_BODY = YES;
				CLANG_WARN_ENUM_CONVERSION = YES;
				CLANG_WARN_INT_CONVERSION = YES;
				CLANG_WARN_OBJC_ROOT_CLASS = YES_ERROR;
				CLANG_WARN_UNREACHABLE_CODE = YES;
				CLANG_WARN__DUPLICATE_METHOD_MATCH = YES;
				"CODE_SIGN_IDENTITY[sdk=iphoneos*]" = "iPhone Developer";
				COPY_PHASE_STRIP = NO;
				DEBUG_INFORMATION_FORMAT = dwarf;
				ENABLE_STRICT_OBJC_MSGSEND = YES;
				ENABLE_TESTABILITY = YES;
				GCC_C_LANGUAGE_STANDARD = gnu99;
				GCC_DYNAMIC_NO_PIC = NO;
				GCC_NO_COMMON_BLOCKS = YES;
				GCC_OPTIMIZATION_LEVEL = 0;
				GCC_PREPROCESSOR_DEFINITIONS = (
					"DEBUG=1",
					"$(inherited)",
				);
				GCC_WARN_64_TO_32_BIT_CONVERSION = YES;
				GCC_WARN_ABOUT_RETURN_TYPE = YES_ERROR;
				GCC_WARN_UNDECLARED_SELECTOR = YES;
				GCC_WARN_UNINITIALIZED_AUTOS = YES_AGGRESSIVE;
				GCC_WARN_UNUSED_FUNCTION = YES;
				GCC_WARN_UNUSED_VARIABLE = YES;
				IPHONEOS_DEPLOYMENT_TARGET = 9.0;
				MTL_ENABLE_DEBUG_INFO = YES;
				ONLY_ACTIVE_ARCH = YES;
				SDKROOT = iphoneos;
				SWIFT_OPTIMIZATION_LEVEL = "-Onone";
			};
			name = Debug;
		};
		9E30582D1C1A614500441D4E /* Release */ = {
			isa = XCBuildConfiguration;
			buildSettings = {
				ALWAYS_SEARCH_USER_PATHS = NO;
				CLANG_CXX_LANGUAGE_STANDARD = "gnu++0x";
				CLANG_CXX_LIBRARY = "libc++";
				CLANG_ENABLE_MODULES = YES;
				CLANG_ENABLE_OBJC_ARC = YES;
				CLANG_WARN_BOOL_CONVERSION = YES;
				CLANG_WARN_CONSTANT_CONVERSION = YES;
				CLANG_WARN_DIRECT_OBJC_ISA_USAGE = YES_ERROR;
				CLANG_WARN_EMPTY_BODY = YES;
				CLANG_WARN_ENUM_CONVERSION = YES;
				CLANG_WARN_INT_CONVERSION = YES;
				CLANG_WARN_OBJC_ROOT_CLASS = YES_ERROR;
				CLANG_WARN_UNREACHABLE_CODE = YES;
				CLANG_WARN__DUPLICATE_METHOD_MATCH = YES;
				"CODE_SIGN_IDENTITY[sdk=iphoneos*]" = "iPhone Developer";
				COPY_PHASE_STRIP = NO;
				DEBUG_INFORMATION_FORMAT = "dwarf-with-dsym";
				ENABLE_NS_ASSERTIONS = NO;
				ENABLE_STRICT_OBJC_MSGSEND = YES;
				GCC_C_LANGUAGE_STANDARD = gnu99;
				GCC_NO_COMMON_BLOCKS = YES;
				GCC_WARN_64_TO_32_BIT_CONVERSION = YES;
				GCC_WARN_ABOUT_RETURN_TYPE = YES_ERROR;
				GCC_WARN_UNDECLARED_SELECTOR = YES;
				GCC_WARN_UNINITIALIZED_AUTOS = YES_AGGRESSIVE;
				GCC_WARN_UNUSED_FUNCTION = YES;
				GCC_WARN_UNUSED_VARIABLE = YES;
				IPHONEOS_DEPLOYMENT_TARGET = 9.0;
				MTL_ENABLE_DEBUG_INFO = NO;
				SDKROOT = iphoneos;
				VALIDATE_PRODUCT = YES;
			};
			name = Release;
		};
		9E30582F1C1A614500441D4E /* Debug */ = {
			isa = XCBuildConfiguration;
			buildSettings = {
				ASSETCATALOG_COMPILER_APPICON_NAME = AppIcon;
				INFOPLIST_FILE = "Tip Jar/Info.plist";
				LD_RUNPATH_SEARCH_PATHS = "$(inherited) @executable_path/Frameworks";
				PRODUCT_BUNDLE_IDENTIFIER = "com.example.Tip-Jar";
				PRODUCT_NAME = "$(TARGET_NAME)";
			};
			name = Debug;
		};
		9E3058301C1A614500441D4E /* Release */ = {
			isa = XCBuildConfiguration;
			buildSettings = {
				ASSETCATALOG_COMPILER_APPICON_NAME = AppIcon;
				INFOPLIST_FILE = "Tip Jar/Info.plist";
				LD_RUNPATH_SEARCH_PATHS = "$(inherited) @executable_path/Frameworks";
				PRODUCT_BUNDLE_IDENTIFIER = "com.example.Tip-Jar";
				PRODUCT_NAME = "$(TARGET_NAME)";
			};
			name = Release;
		};
		9E3058321C1A614500441D4E /* Debug */ = {
			isa = XCBuildConfiguration;
			buildSettings = {
				BUNDLE_LOADER = "$(TEST_HOST)";
				INFOPLIST_FILE = "Tip JarTests/Info.plist";
				LD_RUNPATH_SEARCH_PATHS = "$(inherited) @executable_path/Frameworks @loader_path/Frameworks";
				PRODUCT_BUNDLE_IDENTIFIER = "com.example.Tip-JarTests";
				PRODUCT_NAME = "$(TARGET_NAME)";
				TEST_HOST = "$(BUILT_PRODUCTS_DIR)/Tip Jar.app/Tip Jar";
			};
			name = Debug;
		};
		9E3058331C1A614500441D4E /* Release */ = {
			isa = XCBuildConfiguration;
			buildSettings = {
				BUNDLE_LOADER = "$(TEST_HOST)";
				INFOPLIST_FILE = "Tip JarTests/Info.plist";
				LD_RUNPATH_SEARCH_PATHS = "$(inherited) @executable_path/Frameworks @loader_path/Frameworks";
				PRODUCT_BUNDLE_IDENTIFIER = "com.example.Tip-JarTests";
				PRODUCT_NAME = "$(TARGET_NAME)";
				TEST_HOST = "$(BUILT_PRODUCTS_DIR)/Tip Jar.app/Tip Jar";
			};
			name = Release;
		};
		9E3058351C1A614500441D4E /* Debug */ = {
			isa = XCBuildConfiguration;
			buildSettings = {
				INFOPLIST_FILE = "Tip JarUITests/Info.plist";
				LD_RUNPATH_SEARCH_PATHS = "$(inherited) @executable_path/Frameworks @loader_path/Frameworks";
				PRODUCT_BUNDLE_IDENTIFIER = "com.example.Tip-JarUITests";
				PRODUCT_NAME = "$(TARGET_NAME)";
				TEST_TARGET_NAME = "Tip Jar";
				USES_XCTRUNNER = YES;
			};
			name = Debug;
		};
		9E3058361C1A614500441D4E /* Release */ = {
			isa = XCBuildConfiguration;
			buildSettings = {
				INFOPLIST_FILE = "Tip JarUITests/Info.plist";
				LD_RUNPATH_SEARCH_PATHS = "$(inherited) @executable_path/Frameworks @loader_path/Frameworks";
				PRODUCT_BUNDLE_IDENTIFIER = "com.example.Tip-JarUITests";
				PRODUCT_NAME = "$(TARGET_NAME)";
				TEST_TARGET_NAME = "Tip Jar";
				USES_XCTRUNNER = YES;
			};
			name = Release;
		};
/* End XCBuildConfiguration section */

/* Begin XCConfigurationList section */
		9E3058011C1A614500441D4E /* Build configuration list for PBXProject "Tip Jar" */ = {
			isa = XCConfigurationList;
			buildConfigurations = (
				9E30582C1C1A614500441D4E /* Debug */,
				9E30582D1C1A614500441D4E /* Release */,
			);
			defaultConfigurationIsVisible = 0;
			defaultConfigurationName = Release;
		};
		9E30582E1C1A614500441D4E /* Build configuration list for PBXNativeTarget "Tip Jar" */ = {
			isa = XCConfigurationList;
			buildConfigurations = (
				9E30582F1C1A614500441D4E /* Debug */,
				9E3058301C1A614500441D4E /* Release */,
			);
			defaultConfigurationIsVisible = 0;
			defaultConfigurationName = Release;
		};
		9E3058311C1A614500441D4E /* Build configuration list for PBXNativeTarget "Tip JarTests" */ = {
			isa = XCConfigurationList;
			buildConfigurations = (
				9E3058321C1A614500441D4E /* Debug */,
				9E3058331C1A614500441D4E /* Release */,
			);
			defaultConfigurationIsVisible = 0;
			defaultConfigurationName = Release;
		};
		9E3058341C1A614500441D4E /* Build configuration list for PBXNativeTarget "Tip JarUITests" */ = {
			isa = XCConfigurationList;
			buildConfigurations = (
				9E3058351C1A614500441D4E /* Debug */,
				9E3058361C1A614500441D4E /* Release */,
			);
			defaultConfigurationIsVisible = 0;
			defaultConfigurationName = Release;
		};
/* End XCConfigurationList section */
	};
	rootObject = 9E3057FE1C1A614500441D4E /* Project object */;
}
